
Microsoft Visual Studio Solution File, Format Version 12.00
# Visual Studio Version 16
VisualStudioVersion = 16.0.29326.143
MinimumVisualStudioVersion = 10.0.40219.1
Project("{FAE04EC0-301F-11D3-BF4B-00C04F79EFBC}") = "Run", "Project\Run.csproj", "{41D62828-F18B-43CB-86B6-C4EECB2F97E3}"
EndProject
Project("{FAE04EC0-301F-11D3-BF4B-00C04F79EFBC}") = "Utility", "Utility\Utility.csproj", "{D54A19F0-E4A8-41C5-80D1-2F0239BAF421}"
EndProject
Project("{2150E333-8FDC-42A3-9474-1A3956D46DE8}") = "Framework", "Framework", "{DDF11101-38CC-4B1A-A575-52F595096C82}"
EndProject
Project("{FAE04EC0-301F-11D3-BF4B-00C04F79EFBC}") = "Framework", "Framework\Framework.csproj", "{94E8CB25-02C4-4BB7-A1DA-7304331ADAAB}"
EndProject
Project("{2150E333-8FDC-42A3-9474-1A3956D46DE8}") = "UserManagement", "UserManagement", "{73699957-0C43-426C-990F-5D01301E9B44}"
EndProject
Project("{2150E333-8FDC-42A3-9474-1A3956D46DE8}") = "SaleInvoiceManagment", "SaleInvoiceManagment", "{735FA275-DEFE-4A33-83E4-C362AB208090}"
EndProject
Project("{2150E333-8FDC-42A3-9474-1A3956D46DE8}") = "StockManagement", "StockManagement", "{C692C90C-209E-491A-8F65-A41B25221E7C}"
EndProject
Project("{FAE04EC0-301F-11D3-BF4B-00C04F79EFBC}") = "UserBusiness", "UserBusiness\UserBusiness.csproj", "{DAB42DF6-9B4D-4778-9742-3BA34C2FD3E2}"
EndProject
Project("{FAE04EC0-301F-11D3-BF4B-00C04F79EFBC}") = "UserView", "UserView\UserView.csproj", "{D21015EE-744A-4F79-AE29-E166D2297A25}"
EndProject
Project("{FAE04EC0-301F-11D3-BF4B-00C04F79EFBC}") = "UserData", "UserData\UserData.csproj", "{A30FA94C-C352-44FA-8EC8-2CE2E876EC96}"
EndProject
Project("{FAE04EC0-301F-11D3-BF4B-00C04F79EFBC}") = "StockData", "StockData\StockData.csproj", "{D896E3E3-A6F5-42DE-8774-86ECD67EA30C}"
EndProject
Project("{FAE04EC0-301F-11D3-BF4B-00C04F79EFBC}") = "StockBusiness", "StockBusiness\StockBusiness.csproj", "{22041072-2B35-478C-9370-BE090CF9CC38}"
EndProject
Project("{FAE04EC0-301F-11D3-BF4B-00C04F79EFBC}") = "StockView", "StockView\StockView.csproj", "{7096AE57-2CC8-4997-94CE-81BA1E61B9FB}"
EndProject
Project("{FAE04EC0-301F-11D3-BF4B-00C04F79EFBC}") = "SaleInvoiceData", "SaleInvoiceData\SaleInvoiceData.csproj", "{80FD70CF-CB1A-40F5-BB99-B7402915C7A9}"
EndProject
Project("{FAE04EC0-301F-11D3-BF4B-00C04F79EFBC}") = "SaleInvoiceBusiness", "SaleInvoiceBusiness\SaleInvoiceBusiness.csproj", "{02D5D02A-127A-4AE9-94FB-CA8A2930B90E}"
EndProject
Project("{FAE04EC0-301F-11D3-BF4B-00C04F79EFBC}") = "SaleInvoiceView", "SellInvoiceBusiness\SaleInvoiceView.csproj", "{4FDC9382-1439-4EC5-A111-1CB3EDDDC8F9}"
EndProject
Global
	GlobalSection(SolutionConfigurationPlatforms) = preSolution
		Debug|Any CPU = Debug|Any CPU
		Release|Any CPU = Release|Any CPU
	EndGlobalSection
	GlobalSection(ProjectConfigurationPlatforms) = postSolution
		{41D62828-F18B-43CB-86B6-C4EECB2F97E3}.Debug|Any CPU.ActiveCfg = Debug|Any CPU
		{41D62828-F18B-43CB-86B6-C4EECB2F97E3}.Debug|Any CPU.Build.0 = Debug|Any CPU
		{41D62828-F18B-43CB-86B6-C4EECB2F97E3}.Release|Any CPU.ActiveCfg = Release|Any CPU
		{41D62828-F18B-43CB-86B6-C4EECB2F97E3}.Release|Any CPU.Build.0 = Release|Any CPU
		{D54A19F0-E4A8-41C5-80D1-2F0239BAF421}.Debug|Any CPU.ActiveCfg = Debug|Any CPU
		{D54A19F0-E4A8-41C5-80D1-2F0239BAF421}.Debug|Any CPU.Build.0 = Debug|Any CPU
		{D54A19F0-E4A8-41C5-80D1-2F0239BAF421}.Release|Any CPU.ActiveCfg = Release|Any CPU
		{D54A19F0-E4A8-41C5-80D1-2F0239BAF421}.Release|Any CPU.Build.0 = Release|Any CPU
		{94E8CB25-02C4-4BB7-A1DA-7304331ADAAB}.Debug|Any CPU.ActiveCfg = Debug|Any CPU
		{94E8CB25-02C4-4BB7-A1DA-7304331ADAAB}.Debug|Any CPU.Build.0 = Debug|Any CPU
		{94E8CB25-02C4-4BB7-A1DA-7304331ADAAB}.Release|Any CPU.ActiveCfg = Release|Any CPU
		{94E8CB25-02C4-4BB7-A1DA-7304331ADAAB}.Release|Any CPU.Build.0 = Release|Any CPU
		{DAB42DF6-9B4D-4778-9742-3BA34C2FD3E2}.Debug|Any CPU.ActiveCfg = Debug|Any CPU
		{DAB42DF6-9B4D-4778-9742-3BA34C2FD3E2}.Debug|Any CPU.Build.0 = Debug|Any CPU
		{DAB42DF6-9B4D-4778-9742-3BA34C2FD3E2}.Release|Any CPU.ActiveCfg = Release|Any CPU
		{DAB42DF6-9B4D-4778-9742-3BA34C2FD3E2}.Release|Any CPU.Build.0 = Release|Any CPU
		{D21015EE-744A-4F79-AE29-E166D2297A25}.Debug|Any CPU.ActiveCfg = Debug|Any CPU
		{D21015EE-744A-4F79-AE29-E166D2297A25}.Debug|Any CPU.Build.0 = Debug|Any CPU
		{D21015EE-744A-4F79-AE29-E166D2297A25}.Release|Any CPU.ActiveCfg = Release|Any CPU
		{D21015EE-744A-4F79-AE29-E166D2297A25}.Release|Any CPU.Build.0 = Release|Any CPU
		{A30FA94C-C352-44FA-8EC8-2CE2E876EC96}.Debug|Any CPU.ActiveCfg = Debug|Any CPU
		{A30FA94C-C352-44FA-8EC8-2CE2E876EC96}.Debug|Any CPU.Build.0 = Debug|Any CPU
		{A30FA94C-C352-44FA-8EC8-2CE2E876EC96}.Release|Any CPU.ActiveCfg = Release|Any CPU
		{A30FA94C-C352-44FA-8EC8-2CE2E876EC96}.Release|Any CPU.Build.0 = Release|Any CPU
		{D896E3E3-A6F5-42DE-8774-86ECD67EA30C}.Debug|Any CPU.ActiveCfg = Debug|Any CPU
		{D896E3E3-A6F5-42DE-8774-86ECD67EA30C}.Debug|Any CPU.Build.0 = Debug|Any CPU
		{D896E3E3-A6F5-42DE-8774-86ECD67EA30C}.Release|Any CPU.ActiveCfg = Release|Any CPU
		{D896E3E3-A6F5-42DE-8774-86ECD67EA30C}.Release|Any CPU.Build.0 = Release|Any CPU
		{22041072-2B35-478C-9370-BE090CF9CC38}.Debug|Any CPU.ActiveCfg = Debug|Any CPU
		{22041072-2B35-478C-9370-BE090CF9CC38}.Debug|Any CPU.Build.0 = Debug|Any CPU
		{22041072-2B35-478C-9370-BE090CF9CC38}.Release|Any CPU.ActiveCfg = Release|Any CPU
		{22041072-2B35-478C-9370-BE090CF9CC38}.Release|Any CPU.Build.0 = Release|Any CPU
		{7096AE57-2CC8-4997-94CE-81BA1E61B9FB}.Debug|Any CPU.ActiveCfg = Debug|Any CPU
		{7096AE57-2CC8-4997-94CE-81BA1E61B9FB}.Debug|Any CPU.Build.0 = Debug|Any CPU
		{7096AE57-2CC8-4997-94CE-81BA1E61B9FB}.Release|Any CPU.ActiveCfg = Release|Any CPU
		{7096AE57-2CC8-4997-94CE-81BA1E61B9FB}.Release|Any CPU.Build.0 = Release|Any CPU
		{80FD70CF-CB1A-40F5-BB99-B7402915C7A9}.Debug|Any CPU.ActiveCfg = Debug|Any CPU
		{80FD70CF-CB1A-40F5-BB99-B7402915C7A9}.Debug|Any CPU.Build.0 = Debug|Any CPU
		{80FD70CF-CB1A-40F5-BB99-B7402915C7A9}.Release|Any CPU.ActiveCfg = Release|Any CPU
		{80FD70CF-CB1A-40F5-BB99-B7402915C7A9}.Release|Any CPU.Build.0 = Release|Any CPU
		{02D5D02A-127A-4AE9-94FB-CA8A2930B90E}.Debug|Any CPU.ActiveCfg = Debug|Any CPU
		{02D5D02A-127A-4AE9-94FB-CA8A2930B90E}.Debug|Any CPU.Build.0 = Debug|Any CPU
		{02D5D02A-127A-4AE9-94FB-CA8A2930B90E}.Release|Any CPU.ActiveCfg = Release|Any CPU
		{02D5D02A-127A-4AE9-94FB-CA8A2930B90E}.Release|Any CPU.Build.0 = Release|Any CPU
		{4FDC9382-1439-4EC5-A111-1CB3EDDDC8F9}.Debug|Any CPU.ActiveCfg = Debug|Any CPU
		{4FDC9382-1439-4EC5-A111-1CB3EDDDC8F9}.Debug|Any CPU.Build.0 = Debug|Any CPU
		{4FDC9382-1439-4EC5-A111-1CB3EDDDC8F9}.Release|Any CPU.ActiveCfg = Release|Any CPU
		{4FDC9382-1439-4EC5-A111-1CB3EDDDC8F9}.Release|Any CPU.Build.0 = Release|Any CPU
	EndGlobalSection
	GlobalSection(SolutionProperties) = preSolution
		HideSolutionNode = FALSE
	EndGlobalSection
	GlobalSection(NestedProjects) = preSolution
		{94E8CB25-02C4-4BB7-A1DA-7304331ADAAB} = {DDF11101-38CC-4B1A-A575-52F595096C82}
		{DAB42DF6-9B4D-4778-9742-3BA34C2FD3E2} = {73699957-0C43-426C-990F-5D01301E9B44}
		{D21015EE-744A-4F79-AE29-E166D2297A25} = {73699957-0C43-426C-990F-5D01301E9B44}
		{A30FA94C-C352-44FA-8EC8-2CE2E876EC96} = {73699957-0C43-426C-990F-5D01301E9B44}
		{D896E3E3-A6F5-42DE-8774-86ECD67EA30C} = {C692C90C-209E-491A-8F65-A41B25221E7C}
		{22041072-2B35-478C-9370-BE090CF9CC38} = {C692C90C-209E-491A-8F65-A41B25221E7C}
		{7096AE57-2CC8-4997-94CE-81BA1E61B9FB} = {C692C90C-209E-491A-8F65-A41B25221E7C}
		{80FD70CF-CB1A-40F5-BB99-B7402915C7A9} = {735FA275-DEFE-4A33-83E4-C362AB208090}
		{02D5D02A-127A-4AE9-94FB-CA8A2930B90E} = {735FA275-DEFE-4A33-83E4-C362AB208090}
		{4FDC9382-1439-4EC5-A111-1CB3EDDDC8F9} = {735FA275-DEFE-4A33-83E4-C362AB208090}
	EndGlobalSection
	GlobalSection(ExtensibilityGlobals) = postSolution
		SolutionGuid = {D57A9185-5C68-4DB9-89FA-50824E6335A8}
	EndGlobalSection
EndGlobal
